
Microsoft Visual Studio Solution File, Format Version 12.00
# Visual Studio Version 17
VisualStudioVersion = 17.9.34723.18
MinimumVisualStudioVersion = 10.0.40219.1
Project("{9A19103F-16F7-4668-BE54-9A1E7A4F7556}") = "Lesson_2", "Lesson_2\Lesson_2.csproj", "{96BBE23C-F7E4-44CB-BF7A-E252FEEFA014}"
EndProject
Project("{FAE04EC0-301F-11D3-BF4B-00C04F79EFBC}") = "ConsoleApp1", "Lesson_2\ConsoleApp1\ConsoleApp1.csproj", "{8D08EA97-7590-41AC-B54E-80DF902A8285}"
EndProject
Project("{FAE04EC0-301F-11D3-BF4B-00C04F79EFBC}") = "Lesson_2_Time", "Lesson_2_Time\Lesson_2_Time.csproj", "{B7235C70-4328-4948-8861-B58DC3985E66}"
EndProject
Global
	GlobalSection(SolutionConfigurationPlatforms) = preSolution
		Debug|Any CPU = Debug|Any CPU
		Release|Any CPU = Release|Any CPU
	EndGlobalSection
	GlobalSection(ProjectConfigurationPlatforms) = postSolution
		{96BBE23C-F7E4-44CB-BF7A-E252FEEFA014}.Debug|Any CPU.ActiveCfg = Debug|Any CPU
		{96BBE23C-F7E4-44CB-BF7A-E252FEEFA014}.Debug|Any CPU.Build.0 = Debug|Any CPU
		{96BBE23C-F7E4-44CB-BF7A-E252FEEFA014}.Release|Any CPU.ActiveCfg = Release|Any CPU
		{96BBE23C-F7E4-44CB-BF7A-E252FEEFA014}.Release|Any CPU.Build.0 = Release|Any CPU
		{8D08EA97-7590-41AC-B54E-80DF902A8285}.Debug|Any CPU.ActiveCfg = Debug|Any CPU
		{8D08EA97-7590-41AC-B54E-80DF902A8285}.Debug|Any CPU.Build.0 = Debug|Any CPU
		{8D08EA97-7590-41AC-B54E-80DF902A8285}.Release|Any CPU.ActiveCfg = Release|Any CPU
		{8D08EA97-7590-41AC-B54E-80DF902A8285}.Release|Any CPU.Build.0 = Release|Any CPU
		{B7235C70-4328-4948-8861-B58DC3985E66}.Debug|Any CPU.ActiveCfg = Debug|Any CPU
		{B7235C70-4328-4948-8861-B58DC3985E66}.Debug|Any CPU.Build.0 = Debug|Any CPU
		{B7235C70-4328-4948-8861-B58DC3985E66}.Release|Any CPU.ActiveCfg = Release|Any CPU
		{B7235C70-4328-4948-8861-B58DC3985E66}.Release|Any CPU.Build.0 = Release|Any CPU
	EndGlobalSection
	GlobalSection(SolutionProperties) = preSolution
		HideSolutionNode = FALSE
	EndGlobalSection
	GlobalSection(ExtensibilityGlobals) = postSolution
		SolutionGuid = {41693546-C5B9-4D16-B684-124774641015}
	EndGlobalSection
EndGlobal
